{
  "version": 4,
  "terraform_version": "1.3.9",
  "serial": 9,
  "lineage": "0dfd0e4c-fcfb-cfb7-544b-34a78da3af83",
  "outputs": {
    "instance_id": {
      "value": "i-0ba7c530d49ef3d58",
      "type": "string"
    },
    "instance_ip_addr": {
      "value": "34.211.75.165",
      "type": "string"
    }
  },
  "resources": [
    {
      "mode": "data",
      "type": "aws_key_pair",
      "name": "gurukul-2023",
      "provider": "provider[\"registry.terraform.io/hashicorp/aws\"]",
      "instances": [
        {
          "schema_version": 0,
          "attributes": {
            "arn": "arn:aws:ec2:us-west-2:331061725593:key-pair/gurukul-amit",
            "create_time": "2023-03-01T06:50:12Z",
            "filter": null,
            "fingerprint": "c1:63:38:00:f8:8a:44:a7:21:49:0c:87:5a:1a:ff:b2:c4:46:b4:a1",
            "id": "key-06faf490c8d400aaf",
            "include_public_key": true,
            "key_name": "gurukul-amit",
            "key_pair_id": "key-06faf490c8d400aaf",
            "key_type": "rsa",
            "public_key": "ssh-rsa AAAAB3NzaC1yc2EAAAADAQABAAABAQCHx7agC2MEDGCHwuYa749P4hUVWoytPwpBXPDMoafiJht1aVKNqN3aSHQJEclrGsvrSd2N/9M/n3usMogH9I5/5DXJQ2NQul9X/etcX6qhXJvccnQPzEdJ+kP8ljPeLMq/iOtZ01DT4drXXReMcoSjYAQsUV7+GUTY8AGx7OBgAh5ME5DSt2Mrb54yINmcvPqdWz2rGMKTh7MeC+90/OgSn1Wdd0qWgkU8gbTg51530ka2AuA/bC8IO6qnxUQCfXRlvjGk/h3lSOLHzsRBslD7ylFFYMO10+/MxHO7XMeUefRy++c6Iywvv5MqW24BsYtEmlhU++KRX/HntyMP3oi3 gurukul-amit",
            "tags": {},
            "timeouts": null
          },
          "sensitive_attributes": []
        }
      ]
    },
    {
      "mode": "managed",
      "type": "aws_instance",
      "name": "app_server",
      "provider": "provider[\"registry.terraform.io/hashicorp/aws\"]",
      "instances": [
        {
          "schema_version": 1,
          "attributes": {
            "ami": "ami-830c94e3",
            "arn": "arn:aws:ec2:us-west-2:331061725593:instance/i-0ba7c530d49ef3d58",
            "associate_public_ip_address": true,
            "availability_zone": "us-west-2b",
            "capacity_reservation_specification": [
              {
                "capacity_reservation_preference": "open",
                "capacity_reservation_target": []
              }
            ],
            "cpu_core_count": 1,
            "cpu_threads_per_core": 1,
            "credit_specification": [
              {
                "cpu_credits": "standard"
              }
            ],
            "disable_api_stop": false,
            "disable_api_termination": false,
            "ebs_block_device": [],
            "ebs_optimized": false,
            "enclave_options": [
              {
                "enabled": false
              }
            ],
            "ephemeral_block_device": [],
            "get_password_data": false,
            "hibernation": false,
            "host_id": "",
            "host_resource_group_arn": null,
            "iam_instance_profile": "",
            "id": "i-0ba7c530d49ef3d58",
            "instance_initiated_shutdown_behavior": "stop",
            "instance_state": "running",
            "instance_type": "t2.micro",
            "ipv6_address_count": 0,
            "ipv6_addresses": [],
            "key_name": "gurukul-amit",
            "launch_template": [],
            "maintenance_options": [
              {
                "auto_recovery": "default"
              }
            ],
            "metadata_options": [
              {
                "http_endpoint": "enabled",
                "http_put_response_hop_limit": 1,
                "http_tokens": "optional",
                "instance_metadata_tags": "disabled"
              }
            ],
            "monitoring": false,
            "network_interface": [],
            "outpost_arn": "",
            "password_data": "",
            "placement_group": "",
            "placement_partition_number": 0,
            "primary_network_interface_id": "eni-0758c3837cb9801e9",
            "private_dns": "ip-172-31-26-139.us-west-2.compute.internal",
            "private_dns_name_options": [
              {
                "enable_resource_name_dns_a_record": false,
                "enable_resource_name_dns_aaaa_record": false,
                "hostname_type": "ip-name"
              }
            ],
            "private_ip": "172.31.26.139",
            "public_dns": "ec2-34-211-75-165.us-west-2.compute.amazonaws.com",
            "public_ip": "34.211.75.165",
            "root_block_device": [
              {
                "delete_on_termination": true,
                "device_name": "/dev/sda1",
                "encrypted": false,
                "iops": 0,
                "kms_key_id": "",
                "tags": {},
                "throughput": 0,
                "volume_id": "vol-0846af006406b4d34",
                "volume_size": 8,
                "volume_type": "standard"
              }
            ],
            "secondary_private_ips": [],
            "security_groups": [
              "gurukul_2023_security_group"
            ],
            "source_dest_check": true,
            "subnet_id": "subnet-1fd67267",
            "tags": {
              "Name": "rrr-gurukul-Esop",
              "createdBy": "sanjeev"
            },
            "tags_all": {
              "Name": "rrr-gurukul-Esop",
              "createdBy": "sanjeev"
            },
            "tenancy": "default",
            "timeouts": null,
            "user_data": null,
            "user_data_base64": null,
            "user_data_replace_on_change": false,
            "volume_tags": null,
            "vpc_security_group_ids": [
              "sg-0cdc4591d30021be8"
            ]
          },
          "sensitive_attributes": [],
          "private": "eyJlMmJmYjczMC1lY2FhLTExZTYtOGY4OC0zNDM2M2JjN2M0YzAiOnsiY3JlYXRlIjo2MDAwMDAwMDAwMDAsImRlbGV0ZSI6MTIwMDAwMDAwMDAwMCwidXBkYXRlIjo2MDAwMDAwMDAwMDB9LCJzY2hlbWFfdmVyc2lvbiI6IjEifQ==",
          "dependencies": [
            "aws_security_group.gurukul_2023_security_group",
            "data.aws_key_pair.gurukul-2023"
          ]
        }
      ]
    },
    {
      "mode": "managed",
      "type": "aws_security_group",
      "name": "gurukul_2023_security_group",
      "provider": "provider[\"registry.terraform.io/hashicorp/aws\"]",
      "instances": [
        {
          "schema_version": 1,
          "attributes": {
            "arn": "arn:aws:ec2:us-west-2:331061725593:security-group/sg-0cdc4591d30021be8",
            "description": "Allow SSH and HTTP traffic from all sources",
            "egress": [
              {
                "cidr_blocks": [
                  "0.0.0.0/0"
                ],
                "description": "",
                "from_port": 0,
                "ipv6_cidr_blocks": [
                  "::/0"
                ],
                "prefix_list_ids": [],
                "protocol": "-1",
                "security_groups": [],
                "self": false,
                "to_port": 0
              }
            ],
            "id": "sg-0cdc4591d30021be8",
            "ingress": [
              {
                "cidr_blocks": [
                  "0.0.0.0/0"
                ],
                "description": "",
                "from_port": 80,
                "ipv6_cidr_blocks": [],
                "prefix_list_ids": [],
                "protocol": "tcp",
                "security_groups": [],
                "self": false,
                "to_port": 80
              }
            ],
            "name": "gurukul_2023_security_group",
            "name_prefix": "",
            "owner_id": "331061725593",
            "revoke_rules_on_delete": false,
            "tags": {},
            "tags_all": {},
            "timeouts": null,
            "vpc_id": "vpc-bd6922c5"
          },
          "sensitive_attributes": [],
          "private": "eyJlMmJmYjczMC1lY2FhLTExZTYtOGY4OC0zNDM2M2JjN2M0YzAiOnsiY3JlYXRlIjo2MDAwMDAwMDAwMDAsImRlbGV0ZSI6OTAwMDAwMDAwMDAwfSwic2NoZW1hX3ZlcnNpb24iOiIxIn0="
        }
      ]
    }
  ],
  "check_results": null
}
